
Microsoft Visual Studio Solution File, Format Version 12.00
# Visual Studio Version 17
VisualStudioVersion = 17.9.34723.18
MinimumVisualStudioVersion = 10.0.40219.1
Project("{FAE04EC0-301F-11D3-BF4B-00C04F79EFBC}") = "TimeTableAPI", "TimeTableAPI.csproj", "{1AF22F3E-4F6B-4148-8525-7536A25C3A56}"
EndProject
Global
	GlobalSection(SolutionConfigurationPlatforms) = preSolution
		Debug|Any CPU = Debug|Any CPU
		Release|Any CPU = Release|Any CPU
	EndGlobalSection
	GlobalSection(ProjectConfigurationPlatforms) = postSolution
		{1AF22F3E-4F6B-4148-8525-7536A25C3A56}.Debug|Any CPU.ActiveCfg = Debug|Any CPU
		{1AF22F3E-4F6B-4148-8525-7536A25C3A56}.Debug|Any CPU.Build.0 = Debug|Any CPU
		{1AF22F3E-4F6B-4148-8525-7536A25C3A56}.Release|Any CPU.ActiveCfg = Release|Any CPU
		{1AF22F3E-4F6B-4148-8525-7536A25C3A56}.Release|Any CPU.Build.0 = Release|Any CPU
	EndGlobalSection
	GlobalSection(SolutionProperties) = preSolution
		HideSolutionNode = FALSE
	EndGlobalSection
	GlobalSection(ExtensibilityGlobals) = postSolution
		SolutionGuid = {1DAD90DB-CF40-4CED-B88B-A523BDD61AD6}
	EndGlobalSection
EndGlobal
